// !$*UTF8*$!
{
	archiveVersion = 1;
	classes = {
	};
	objectVersion = 56;
	objects = {

/* Begin PBXBuildFile section */
		6823C289293A6D2F001F7BF1 /* bike_speedometerApp.swift in Sources */ = {isa = PBXBuildFile; fileRef = 6823C288293A6D2F001F7BF1 /* bike_speedometerApp.swift */; };
		6823C28B293A6D2F001F7BF1 /* ContentView.swift in Sources */ = {isa = PBXBuildFile; fileRef = 6823C28A293A6D2F001F7BF1 /* ContentView.swift */; };
		6823C28D293A6D30001F7BF1 /* Assets.xcassets in Resources */ = {isa = PBXBuildFile; fileRef = 6823C28C293A6D30001F7BF1 /* Assets.xcassets */; };
		6823C290293A6D30001F7BF1 /* Preview Assets.xcassets in Resources */ = {isa = PBXBuildFile; fileRef = 6823C28F293A6D30001F7BF1 /* Preview Assets.xcassets */; };
		6823C29A293A6D30001F7BF1 /* bike_speedometerTests.swift in Sources */ = {isa = PBXBuildFile; fileRef = 6823C299293A6D30001F7BF1 /* bike_speedometerTests.swift */; };
		6823C2A4293A6D30001F7BF1 /* bike_speedometerUITests.swift in Sources */ = {isa = PBXBuildFile; fileRef = 6823C2A3293A6D30001F7BF1 /* bike_speedometerUITests.swift */; };
		6823C2A6293A6D30001F7BF1 /* bike_speedometerUITestsLaunchTests.swift in Sources */ = {isa = PBXBuildFile; fileRef = 6823C2A5293A6D30001F7BF1 /* bike_speedometerUITestsLaunchTests.swift */; };
/* End PBXBuildFile section */

/* Begin PBXContainerItemProxy section */
		6823C296293A6D30001F7BF1 /* PBXContainerItemProxy */ = {
			isa = PBXContainerItemProxy;
			containerPortal = 6823C27D293A6D2F001F7BF1 /* Project object */;
			proxyType = 1;
			remoteGlobalIDString = 6823C284293A6D2F001F7BF1;
			remoteInfo = bike_speedometer;
		};
		6823C2A0293A6D30001F7BF1 /* PBXContainerItemProxy */ = {
			isa = PBXContainerItemProxy;
			containerPortal = 6823C27D293A6D2F001F7BF1 /* Project object */;
			proxyType = 1;
			remoteGlobalIDString = 6823C284293A6D2F001F7BF1;
			remoteInfo = bike_speedometer;
		};
/* End PBXContainerItemProxy section */

/* Begin PBXFileReference section */
		6823C285293A6D2F001F7BF1 /* bike_speedometer.app */ = {isa = PBXFileReference; explicitFileType = wrapper.application; includeInIndex = 0; path = bike_speedometer.app; sourceTree = BUILT_PRODUCTS_DIR; };
		6823C288293A6D2F001F7BF1 /* bike_speedometerApp.swift */ = {isa = PBXFileReference; lastKnownFileType = sourcecode.swift; path = bike_speedometerApp.swift; sourceTree = "<group>"; };
		6823C28A293A6D2F001F7BF1 /* ContentView.swift */ = {isa = PBXFileReference; lastKnownFileType = sourcecode.swift; path = ContentView.swift; sourceTree = "<group>"; };
		6823C28C293A6D30001F7BF1 /* Assets.xcassets */ = {isa = PBXFileReference; lastKnownFileType = folder.assetcatalog; path = Assets.xcassets; sourceTree = "<group>"; };
		6823C28F293A6D30001F7BF1 /* Preview Assets.xcassets */ = {isa = PBXFileReference; lastKnownFileType = folder.assetcatalog; path = "Preview Assets.xcassets"; sourceTree = "<group>"; };
		6823C295293A6D30001F7BF1 /* bike_speedometerTests.xctest */ = {isa = PBXFileReference; explicitFileType = wrapper.cfbundle; includeInIndex = 0; path = bike_speedometerTests.xctest; sourceTree = BUILT_PRODUCTS_DIR; };
		6823C299293A6D30001F7BF1 /* bike_speedometerTests.swift */ = {isa = PBXFileReference; lastKnownFileType = sourcecode.swift; path = bike_speedometerTests.swift; sourceTree = "<group>"; };
		6823C29F293A6D30001F7BF1 /* bike_speedometerUITests.xctest */ = {isa = PBXFileReference; explicitFileType = wrapper.cfbundle; includeInIndex = 0; path = bike_speedometerUITests.xctest; sourceTree = BUILT_PRODUCTS_DIR; };
		6823C2A3293A6D30001F7BF1 /* bike_speedometerUITests.swift */ = {isa = PBXFileReference; lastKnownFileType = sourcecode.swift; path = bike_speedometerUITests.swift; sourceTree = "<group>"; };
		6823C2A5293A6D30001F7BF1 /* bike_speedometerUITestsLaunchTests.swift */ = {isa = PBXFileReference; lastKnownFileType = sourcecode.swift; path = bike_speedometerUITestsLaunchTests.swift; sourceTree = "<group>"; };
/* End PBXFileReference section */

/* Begin PBXFrameworksBuildPhase section */
		6823C282293A6D2F001F7BF1 /* Frameworks */ = {
			isa = PBXFrameworksBuildPhase;
			buildActionMask = 2147483647;
			files = (
			);
			runOnlyForDeploymentPostprocessing = 0;
		};
		6823C292293A6D30001F7BF1 /* Frameworks */ = {
			isa = PBXFrameworksBuildPhase;
			buildActionMask = 2147483647;
			files = (
			);
			runOnlyForDeploymentPostprocessing = 0;
		};
		6823C29C293A6D30001F7BF1 /* Frameworks */ = {
			isa = PBXFrameworksBuildPhase;
			buildActionMask = 2147483647;
			files = (
			);
			runOnlyForDeploymentPostprocessing = 0;
		};
/* End PBXFrameworksBuildPhase section */

/* Begin PBXGroup section */
		6823C27C293A6D2F001F7BF1 = {
			isa = PBXGroup;
			children = (
				6823C287293A6D2F001F7BF1 /* bike_speedometer */,
				6823C298293A6D30001F7BF1 /* bike_speedometerTests */,
				6823C2A2293A6D30001F7BF1 /* bike_speedometerUITests */,
				6823C286293A6D2F001F7BF1 /* Products */,
			);
			sourceTree = "<group>";
		};
		6823C286293A6D2F001F7BF1 /* Products */ = {
			isa = PBXGroup;
			children = (
				6823C285293A6D2F001F7BF1 /* bike_speedometer.app */,
				6823C295293A6D30001F7BF1 /* bike_speedometerTests.xctest */,
				6823C29F293A6D30001F7BF1 /* bike_speedometerUITests.xctest */,
			);
			name = Products;
			sourceTree = "<group>";
		};
		6823C287293A6D2F001F7BF1 /* bike_speedometer */ = {
			isa = PBXGroup;
			children = (
				6823C288293A6D2F001F7BF1 /* bike_speedometerApp.swift */,
				6823C28A293A6D2F001F7BF1 /* ContentView.swift */,
				6823C28C293A6D30001F7BF1 /* Assets.xcassets */,
				6823C28E293A6D30001F7BF1 /* Preview Content */,
			);
			path = bike_speedometer;
			sourceTree = "<group>";
		};
		6823C28E293A6D30001F7BF1 /* Preview Content */ = {
			isa = PBXGroup;
			children = (
				6823C28F293A6D30001F7BF1 /* Preview Assets.xcassets */,
			);
			path = "Preview Content";
			sourceTree = "<group>";
		};
		6823C298293A6D30001F7BF1 /* bike_speedometerTests */ = {
			isa = PBXGroup;
			children = (
				6823C299293A6D30001F7BF1 /* bike_speedometerTests.swift */,
			);
			path = bike_speedometerTests;
			sourceTree = "<group>";
		};
		6823C2A2293A6D30001F7BF1 /* bike_speedometerUITests */ = {
			isa = PBXGroup;
			children = (
				6823C2A3293A6D30001F7BF1 /* bike_speedometerUITests.swift */,
				6823C2A5293A6D30001F7BF1 /* bike_speedometerUITestsLaunchTests.swift */,
			);
			path = bike_speedometerUITests;
			sourceTree = "<group>";
		};
/* End PBXGroup section */

/* Begin PBXNativeTarget section */
		6823C284293A6D2F001F7BF1 /* bike_speedometer */ = {
			isa = PBXNativeTarget;
			buildConfigurationList = 6823C2A9293A6D30001F7BF1 /* Build configuration list for PBXNativeTarget "bike_speedometer" */;
			buildPhases = (
				6823C281293A6D2F001F7BF1 /* Sources */,
				6823C282293A6D2F001F7BF1 /* Frameworks */,
				6823C283293A6D2F001F7BF1 /* Resources */,
			);
			buildRules = (
			);
			dependencies = (
			);
			name = bike_speedometer;
			productName = bike_speedometer;
			productReference = 6823C285293A6D2F001F7BF1 /* bike_speedometer.app */;
			productType = "com.apple.product-type.application";
		};
		6823C294293A6D30001F7BF1 /* bike_speedometerTests */ = {
			isa = PBXNativeTarget;
			buildConfigurationList = 6823C2AC293A6D30001F7BF1 /* Build configuration list for PBXNativeTarget "bike_speedometerTests" */;
			buildPhases = (
				6823C291293A6D30001F7BF1 /* Sources */,
				6823C292293A6D30001F7BF1 /* Frameworks */,
				6823C293293A6D30001F7BF1 /* Resources */,
			);
			buildRules = (
			);
			dependencies = (
				6823C297293A6D30001F7BF1 /* PBXTargetDependency */,
			);
			name = bike_speedometerTests;
			productName = bike_speedometerTests;
			productReference = 6823C295293A6D30001F7BF1 /* bike_speedometerTests.xctest */;
			productType = "com.apple.product-type.bundle.unit-test";
		};
		6823C29E293A6D30001F7BF1 /* bike_speedometerUITests */ = {
			isa = PBXNativeTarget;
			buildConfigurationList = 6823C2AF293A6D30001F7BF1 /* Build configuration list for PBXNativeTarget "bike_speedometerUITests" */;
			buildPhases = (
				6823C29B293A6D30001F7BF1 /* Sources */,
				6823C29C293A6D30001F7BF1 /* Frameworks */,
				6823C29D293A6D30001F7BF1 /* Resources */,
			);
			buildRules = (
			);
			dependencies = (
				6823C2A1293A6D30001F7BF1 /* PBXTargetDependency */,
			);
			name = bike_speedometerUITests;
			productName = bike_speedometerUITests;
			productReference = 6823C29F293A6D30001F7BF1 /* bike_speedometerUITests.xctest */;
			productType = "com.apple.product-type.bundle.ui-testing";
		};
/* End PBXNativeTarget section */

/* Begin PBXProject section */
		6823C27D293A6D2F001F7BF1 /* Project object */ = {
			isa = PBXProject;
			attributes = {
				BuildIndependentTargetsInParallel = 1;
				LastSwiftUpdateCheck = 1400;
				LastUpgradeCheck = 1400;
				TargetAttributes = {
					6823C284293A6D2F001F7BF1 = {
						CreatedOnToolsVersion = 14.0.1;
					};
					6823C294293A6D30001F7BF1 = {
						CreatedOnToolsVersion = 14.0.1;
						TestTargetID = 6823C284293A6D2F001F7BF1;
					};
					6823C29E293A6D30001F7BF1 = {
						CreatedOnToolsVersion = 14.0.1;
						TestTargetID = 6823C284293A6D2F001F7BF1;
					};
				};
			};
			buildConfigurationList = 6823C280293A6D2F001F7BF1 /* Build configuration list for PBXProject "bike_speedometer" */;
			compatibilityVersion = "Xcode 14.0";
			developmentRegion = en;
			hasScannedForEncodings = 0;
			knownRegions = (
				en,
				Base,
			);
			mainGroup = 6823C27C293A6D2F001F7BF1;
			productRefGroup = 6823C286293A6D2F001F7BF1 /* Products */;
			projectDirPath = "";
			projectRoot = "";
			targets = (
				6823C284293A6D2F001F7BF1 /* bike_speedometer */,
				6823C294293A6D30001F7BF1 /* bike_speedometerTests */,
				6823C29E293A6D30001F7BF1 /* bike_speedometerUITests */,
			);
		};
/* End PBXProject section */

/* Begin PBXResourcesBuildPhase section */
		6823C283293A6D2F001F7BF1 /* Resources */ = {
			isa = PBXResourcesBuildPhase;
			buildActionMask = 2147483647;
			files = (
				6823C290293A6D30001F7BF1 /* Preview Assets.xcassets in Resources */,
				6823C28D293A6D30001F7BF1 /* Assets.xcassets in Resources */,
			);
			runOnlyForDeploymentPostprocessing = 0;
		};
		6823C293293A6D30001F7BF1 /* Resources */ = {
			isa = PBXResourcesBuildPhase;
			buildActionMask = 2147483647;
			files = (
			);
			runOnlyForDeploymentPostprocessing = 0;
		};
		6823C29D293A6D30001F7BF1 /* Resources */ = {
			isa = PBXResourcesBuildPhase;
			buildActionMask = 2147483647;
			files = (
			);
			runOnlyForDeploymentPostprocessing = 0;
		};
/* End PBXResourcesBuildPhase section */

/* Begin PBXSourcesBuildPhase section */
		6823C281293A6D2F001F7BF1 /* Sources */ = {
			isa = PBXSourcesBuildPhase;
			buildActionMask = 2147483647;
			files = (
				6823C28B293A6D2F001F7BF1 /* ContentView.swift in Sources */,
				6823C289293A6D2F001F7BF1 /* bike_speedometerApp.swift in Sources */,
			);
			runOnlyForDeploymentPostprocessing = 0;
		};
		6823C291293A6D30001F7BF1 /* Sources */ = {
			isa = PBXSourcesBuildPhase;
			buildActionMask = 2147483647;
			files = (
				6823C29A293A6D30001F7BF1 /* bike_speedometerTests.swift in Sources */,
			);
			runOnlyForDeploymentPostprocessing = 0;
		};
		6823C29B293A6D30001F7BF1 /* Sources */ = {
			isa = PBXSourcesBuildPhase;
			buildActionMask = 2147483647;
			files = (
				6823C2A4293A6D30001F7BF1 /* bike_speedometerUITests.swift in Sources */,
				6823C2A6293A6D30001F7BF1 /* bike_speedometerUITestsLaunchTests.swift in Sources */,
			);
			runOnlyForDeploymentPostprocessing = 0;
		};
/* End PBXSourcesBuildPhase section */

/* Begin PBXTargetDependency section */
		6823C297293A6D30001F7BF1 /* PBXTargetDependency */ = {
			isa = PBXTargetDependency;
			target = 6823C284293A6D2F001F7BF1 /* bike_speedometer */;
			targetProxy = 6823C296293A6D30001F7BF1 /* PBXContainerItemProxy */;
		};
		6823C2A1293A6D30001F7BF1 /* PBXTargetDependency */ = {
			isa = PBXTargetDependency;
			target = 6823C284293A6D2F001F7BF1 /* bike_speedometer */;
			targetProxy = 6823C2A0293A6D30001F7BF1 /* PBXContainerItemProxy */;
		};
/* End PBXTargetDependency section */

/* Begin XCBuildConfiguration section */
		6823C2A7293A6D30001F7BF1 /* Debug */ = {
			isa = XCBuildConfiguration;
			buildSettings = {
				ALWAYS_SEARCH_USER_PATHS = NO;
				CLANG_ANALYZER_NONNULL = YES;
				CLANG_ANALYZER_NUMBER_OBJECT_CONVERSION = YES_AGGRESSIVE;
				CLANG_CXX_LANGUAGE_STANDARD = "gnu++20";
				CLANG_ENABLE_MODULES = YES;
				CLANG_ENABLE_OBJC_ARC = YES;
				CLANG_ENABLE_OBJC_WEAK = YES;
				CLANG_WARN_BLOCK_CAPTURE_AUTORELEASING = YES;
				CLANG_WARN_BOOL_CONVERSION = YES;
				CLANG_WARN_COMMA = YES;
				CLANG_WARN_CONSTANT_CONVERSION = YES;
				CLANG_WARN_DEPRECATED_OBJC_IMPLEMENTATIONS = YES;
				CLANG_WARN_DIRECT_OBJC_ISA_USAGE = YES_ERROR;
				CLANG_WARN_DOCUMENTATION_COMMENTS = YES;
				CLANG_WARN_EMPTY_BODY = YES;
				CLANG_WARN_ENUM_CONVERSION = YES;
				CLANG_WARN_INFINITE_RECURSION = YES;
				CLANG_WARN_INT_CONVERSION = YES;
				CLANG_WARN_NON_LITERAL_NULL_CONVERSION = YES;
				CLANG_WARN_OBJC_IMPLICIT_RETAIN_SELF = YES;
				CLANG_WARN_OBJC_LITERAL_CONVERSION = YES;
				CLANG_WARN_OBJC_ROOT_CLASS = YES_ERROR;
				CLANG_WARN_QUOTED_INCLUDE_IN_FRAMEWORK_HEADER = YES;
				CLANG_WARN_RANGE_LOOP_ANALYSIS = YES;
				CLANG_WARN_STRICT_PROTOTYPES = YES;
				CLANG_WARN_SUSPICIOUS_MOVE = YES;
				CLANG_WARN_UNGUARDED_AVAILABILITY = YES_AGGRESSIVE;
				CLANG_WARN_UNREACHABLE_CODE = YES;
				CLANG_WARN__DUPLICATE_METHOD_MATCH = YES;
				COPY_PHASE_STRIP = NO;
				DEBUG_INFORMATION_FORMAT = dwarf;
				ENABLE_STRICT_OBJC_MSGSEND = YES;
				ENABLE_TESTABILITY = YES;
				GCC_C_LANGUAGE_STANDARD = gnu11;
				GCC_DYNAMIC_NO_PIC = NO;
				GCC_NO_COMMON_BLOCKS = YES;
				GCC_OPTIMIZATION_LEVEL = 0;
				GCC_PREPROCESSOR_DEFINITIONS = (
					"DEBUG=1",
					"$(inherited)",
				);
				GCC_WARN_64_TO_32_BIT_CONVERSION = YES;
				GCC_WARN_ABOUT_RETURN_TYPE = YES_ERROR;
				GCC_WARN_UNDECLARED_SELECTOR = YES;
				GCC_WARN_UNINITIALIZED_AUTOS = YES_AGGRESSIVE;
				GCC_WARN_UNUSED_FUNCTION = YES;
				GCC_WARN_UNUSED_VARIABLE = YES;
				IPHONEOS_DEPLOYMENT_TARGET = 16.0;
				MTL_ENABLE_DEBUG_INFO = INCLUDE_SOURCE;
				MTL_FAST_MATH = YES;
				ONLY_ACTIVE_ARCH = YES;
				SDKROOT = iphoneos;
				SWIFT_ACTIVE_COMPILATION_CONDITIONS = DEBUG;
				SWIFT_OPTIMIZATION_LEVEL = "-Onone";
			};
			name = Debug;
		};
		6823C2A8293A6D30001F7BF1 /* Release */ = {
			isa = XCBuildConfiguration;
			buildSettings = {
				ALWAYS_SEARCH_USER_PATHS = NO;
				CLANG_ANALYZER_NONNULL = YES;
				CLANG_ANALYZER_NUMBER_OBJECT_CONVERSION = YES_AGGRESSIVE;
				CLANG_CXX_LANGUAGE_STANDARD = "gnu++20";
				CLANG_ENABLE_MODULES = YES;
				CLANG_ENABLE_OBJC_ARC = YES;
				CLANG_ENABLE_OBJC_WEAK = YES;
				CLANG_WARN_BLOCK_CAPTURE_AUTORELEASING = YES;
				CLANG_WARN_BOOL_CONVERSION = YES;
				CLANG_WARN_COMMA = YES;
				CLANG_WARN_CONSTANT_CONVERSION = YES;
				CLANG_WARN_DEPRECATED_OBJC_IMPLEMENTATIONS = YES;
				CLANG_WARN_DIRECT_OBJC_ISA_USAGE = YES_ERROR;
				CLANG_WARN_DOCUMENTATION_COMMENTS = YES;
				CLANG_WARN_EMPTY_BODY = YES;
				CLANG_WARN_ENUM_CONVERSION = YES;
				CLANG_WARN_INFINITE_RECURSION = YES;
				CLANG_WARN_INT_CONVERSION = YES;
				CLANG_WARN_NON_LITERAL_NULL_CONVERSION = YES;
				CLANG_WARN_OBJC_IMPLICIT_RETAIN_SELF = YES;
				CLANG_WARN_OBJC_LITERAL_CONVERSION = YES;
				CLANG_WARN_OBJC_ROOT_CLASS = YES_ERROR;
				CLANG_WARN_QUOTED_INCLUDE_IN_FRAMEWORK_HEADER = YES;
				CLANG_WARN_RANGE_LOOP_ANALYSIS = YES;
				CLANG_WARN_STRICT_PROTOTYPES = YES;
				CLANG_WARN_SUSPICIOUS_MOVE = YES;
				CLANG_WARN_UNGUARDED_AVAILABILITY = YES_AGGRESSIVE;
				CLANG_WARN_UNREACHABLE_CODE = YES;
				CLANG_WARN__DUPLICATE_METHOD_MATCH = YES;
				COPY_PHASE_STRIP = NO;
				DEBUG_INFORMATION_FORMAT = "dwarf-with-dsym";
				ENABLE_NS_ASSERTIONS = NO;
				ENABLE_STRICT_OBJC_MSGSEND = YES;
				GCC_C_LANGUAGE_STANDARD = gnu11;
				GCC_NO_COMMON_BLOCKS = YES;
				GCC_WARN_64_TO_32_BIT_CONVERSION = YES;
				GCC_WARN_ABOUT_RETURN_TYPE = YES_ERROR;
				GCC_WARN_UNDECLARED_SELECTOR = YES;
				GCC_WARN_UNINITIALIZED_AUTOS = YES_AGGRESSIVE;
				GCC_WARN_UNUSED_FUNCTION = YES;
				GCC_WARN_UNUSED_VARIABLE = YES;
				IPHONEOS_DEPLOYMENT_TARGET = 16.0;
				MTL_ENABLE_DEBUG_INFO = NO;
				MTL_FAST_MATH = YES;
				SDKROOT = iphoneos;
				SWIFT_COMPILATION_MODE = wholemodule;
				SWIFT_OPTIMIZATION_LEVEL = "-O";
				VALIDATE_PRODUCT = YES;
			};
			name = Release;
		};
		6823C2AA293A6D30001F7BF1 /* Debug */ = {
			isa = XCBuildConfiguration;
			buildSettings = {
				ASSETCATALOG_COMPILER_APPICON_NAME = AppIcon;
				ASSETCATALOG_COMPILER_GLOBAL_ACCENT_COLOR_NAME = AccentColor;
				CODE_SIGN_STYLE = Automatic;
				CURRENT_PROJECT_VERSION = 1;
				DEVELOPMENT_ASSET_PATHS = "\"bike_speedometer/Preview Content\"";
				ENABLE_PREVIEWS = YES;
				GENERATE_INFOPLIST_FILE = YES;
				INFOPLIST_KEY_UIApplicationSceneManifest_Generation = YES;
				INFOPLIST_KEY_UIApplicationSupportsIndirectInputEvents = YES;
				INFOPLIST_KEY_UILaunchScreen_Generation = YES;
				INFOPLIST_KEY_UISupportedInterfaceOrientations_iPad = "UIInterfaceOrientationPortrait UIInterfaceOrientationPortraitUpsideDown UIInterfaceOrientationLandscapeLeft UIInterfaceOrientationLandscapeRight";
				INFOPLIST_KEY_UISupportedInterfaceOrientations_iPhone = "UIInterfaceOrientationPortrait UIInterfaceOrientationLandscapeLeft UIInterfaceOrientationLandscapeRight";
				LD_RUNPATH_SEARCH_PATHS = (
					"$(inherited)",
					"@executable_path/Frameworks",
				);
				MARKETING_VERSION = 1.0;
				PRODUCT_BUNDLE_IDENTIFIER = "com.maxime.begue.bike-speedometer";
				PRODUCT_NAME = "$(TARGET_NAME)";
				SWIFT_EMIT_LOC_STRINGS = YES;
				SWIFT_VERSION = 5.0;
				TARGETED_DEVICE_FAMILY = "1,2";
			};
			name = Debug;
		};
		6823C2AB293A6D30001F7BF1 /* Release */ = {
			isa = XCBuildConfiguration;
			buildSettings = {
				ASSETCATALOG_COMPILER_APPICON_NAME = AppIcon;
				ASSETCATALOG_COMPILER_GLOBAL_ACCENT_COLOR_NAME = AccentColor;
				CODE_SIGN_STYLE = Automatic;
				CURRENT_PROJECT_VERSION = 1;
				DEVELOPMENT_ASSET_PATHS = "\"bike_speedometer/Preview Content\"";
				ENABLE_PREVIEWS = YES;
				GENERATE_INFOPLIST_FILE = YES;
				INFOPLIST_KEY_UIApplicationSceneManifest_Generation = YES;
				INFOPLIST_KEY_UIApplicationSupportsIndirectInputEvents = YES;
				INFOPLIST_KEY_UILaunchScreen_Generation = YES;
				INFOPLIST_KEY_UISupportedInterfaceOrientations_iPad = "UIInterfaceOrientationPortrait UIInterfaceOrientationPortraitUpsideDown UIInterfaceOrientationLandscapeLeft UIInterfaceOrientationLandscapeRight";
				INFOPLIST_KEY_UISupportedInterfaceOrientations_iPhone = "UIInterfaceOrientationPortrait UIInterfaceOrientationLandscapeLeft UIInterfaceOrientationLandscapeRight";
				LD_RUNPATH_SEARCH_PATHS = (
					"$(inherited)",
					"@executable_path/Frameworks",
				);
				MARKETING_VERSION = 1.0;
				PRODUCT_BUNDLE_IDENTIFIER = "com.maxime.begue.bike-speedometer";
				PRODUCT_NAME = "$(TARGET_NAME)";
				SWIFT_EMIT_LOC_STRINGS = YES;
				SWIFT_VERSION = 5.0;
				TARGETED_DEVICE_FAMILY = "1,2";
			};
			name = Release;
		};
		6823C2AD293A6D30001F7BF1 /* Debug */ = {
			isa = XCBuildConfiguration;
			buildSettings = {
				ALWAYS_EMBED_SWIFT_STANDARD_LIBRARIES = YES;
				BUNDLE_LOADER = "$(TEST_HOST)";
				CODE_SIGN_STYLE = Automatic;
				CURRENT_PROJECT_VERSION = 1;
				GENERATE_INFOPLIST_FILE = YES;
				IPHONEOS_DEPLOYMENT_TARGET = 16.0;
				MARKETING_VERSION = 1.0;
				PRODUCT_BUNDLE_IDENTIFIER = "com.maxime.begue.bike-speedometerTests";
				PRODUCT_NAME = "$(TARGET_NAME)";
				SWIFT_EMIT_LOC_STRINGS = NO;
				SWIFT_VERSION = 5.0;
				TARGETED_DEVICE_FAMILY = "1,2";
				TEST_HOST = "$(BUILT_PRODUCTS_DIR)/bike_speedometer.app/$(BUNDLE_EXECUTABLE_FOLDER_PATH)/bike_speedometer";
			};
			name = Debug;
		};
		6823C2AE293A6D30001F7BF1 /* Release */ = {
			isa = XCBuildConfiguration;
			buildSettings = {
				ALWAYS_EMBED_SWIFT_STANDARD_LIBRARIES = YES;
				BUNDLE_LOADER = "$(TEST_HOST)";
				CODE_SIGN_STYLE = Automatic;
				CURRENT_PROJECT_VERSION = 1;
				GENERATE_INFOPLIST_FILE = YES;
				IPHONEOS_DEPLOYMENT_TARGET = 16.0;
				MARKETING_VERSION = 1.0;
				PRODUCT_BUNDLE_IDENTIFIER = "com.maxime.begue.bike-speedometerTests";
				PRODUCT_NAME = "$(TARGET_NAME)";
				SWIFT_EMIT_LOC_STRINGS = NO;
				SWIFT_VERSION = 5.0;
				TARGETED_DEVICE_FAMILY = "1,2";
				TEST_HOST = "$(BUILT_PRODUCTS_DIR)/bike_speedometer.app/$(BUNDLE_EXECUTABLE_FOLDER_PATH)/bike_speedometer";
			};
			name = Release;
		};
		6823C2B0293A6D30001F7BF1 /* Debug */ = {
			isa = XCBuildConfiguration;
			buildSettings = {
				ALWAYS_EMBED_SWIFT_STANDARD_LIBRARIES = YES;
				CODE_SIGN_STYLE = Automatic;
				CURRENT_PROJECT_VERSION = 1;
				GENERATE_INFOPLIST_FILE = YES;
				MARKETING_VERSION = 1.0;
				PRODUCT_BUNDLE_IDENTIFIER = "com.maxime.begue.bike-speedometerUITests";
				PRODUCT_NAME = "$(TARGET_NAME)";
				SWIFT_EMIT_LOC_STRINGS = NO;
				SWIFT_VERSION = 5.0;
				TARGETED_DEVICE_FAMILY = "1,2";
				TEST_TARGET_NAME = bike_speedometer;
			};
			name = Debug;
		};
		6823C2B1293A6D30001F7BF1 /* Release */ = {
			isa = XCBuildConfiguration;
			buildSettings = {
				ALWAYS_EMBED_SWIFT_STANDARD_LIBRARIES = YES;
				CODE_SIGN_STYLE = Automatic;
				CURRENT_PROJECT_VERSION = 1;
				GENERATE_INFOPLIST_FILE = YES;
				MARKETING_VERSION = 1.0;
				PRODUCT_BUNDLE_IDENTIFIER = "com.maxime.begue.bike-speedometerUITests";
				PRODUCT_NAME = "$(TARGET_NAME)";
				SWIFT_EMIT_LOC_STRINGS = NO;
				SWIFT_VERSION = 5.0;
				TARGETED_DEVICE_FAMILY = "1,2";
				TEST_TARGET_NAME = bike_speedometer;
			};
			name = Release;
		};
/* End XCBuildConfiguration section */

/* Begin XCConfigurationList section */
		6823C280293A6D2F001F7BF1 /* Build configuration list for PBXProject "bike_speedometer" */ = {
			isa = XCConfigurationList;
			buildConfigurations = (
				6823C2A7293A6D30001F7BF1 /* Debug */,
				6823C2A8293A6D30001F7BF1 /* Release */,
			);
			defaultConfigurationIsVisible = 0;
			defaultConfigurationName = Release;
		};
		6823C2A9293A6D30001F7BF1 /* Build configuration list for PBXNativeTarget "bike_speedometer" */ = {
			isa = XCConfigurationList;
			buildConfigurations = (
				6823C2AA293A6D30001F7BF1 /* Debug */,
				6823C2AB293A6D30001F7BF1 /* Release */,
			);
			defaultConfigurationIsVisible = 0;
			defaultConfigurationName = Release;
		};
		6823C2AC293A6D30001F7BF1 /* Build configuration list for PBXNativeTarget "bike_speedometerTests" */ = {
			isa = XCConfigurationList;
			buildConfigurations = (
				6823C2AD293A6D30001F7BF1 /* Debug */,
				6823C2AE293A6D30001F7BF1 /* Release */,
			);
			defaultConfigurationIsVisible = 0;
			defaultConfigurationName = Release;
		};
		6823C2AF293A6D30001F7BF1 /* Build configuration list for PBXNativeTarget "bike_speedometerUITests" */ = {
			isa = XCConfigurationList;
			buildConfigurations = (
				6823C2B0293A6D30001F7BF1 /* Debug */,
				6823C2B1293A6D30001F7BF1 /* Release */,
			);
			defaultConfigurationIsVisible = 0;
			defaultConfigurationName = Release;
		};
/* End XCConfigurationList section */
	};
	rootObject = 6823C27D293A6D2F001F7BF1 /* Project object */;
}
